
Microsoft Visual Studio Solution File, Format Version 12.00
# Visual Studio Version 16
VisualStudioVersion = 16.0.31129.286
MinimumVisualStudioVersion = 10.0.40219.1
Project("{FAE04EC0-301F-11D3-BF4B-00C04F79EFBC}") = "Update Firmware STM32", "Update Firmware STM32.csproj", "{970D8DFC-30FF-492A-BF49-1A59F6FF3A7F}"
EndProject
Global
	GlobalSection(SolutionConfigurationPlatforms) = preSolution
		Debug|Any CPU = Debug|Any CPU
		Release|Any CPU = Release|Any CPU
	EndGlobalSection
	GlobalSection(ProjectConfigurationPlatforms) = postSolution
		{970D8DFC-30FF-492A-BF49-1A59F6FF3A7F}.Debug|Any CPU.ActiveCfg = Debug|Any CPU
		{970D8DFC-30FF-492A-BF49-1A59F6FF3A7F}.Debug|Any CPU.Build.0 = Debug|Any CPU
		{970D8DFC-30FF-492A-BF49-1A59F6FF3A7F}.Release|Any CPU.ActiveCfg = Release|Any CPU
		{970D8DFC-30FF-492A-BF49-1A59F6FF3A7F}.Release|Any CPU.Build.0 = Release|Any CPU
	EndGlobalSection
	GlobalSection(SolutionProperties) = preSolution
		HideSolutionNode = FALSE
	EndGlobalSection
	GlobalSection(ExtensibilityGlobals) = postSolution
		SolutionGuid = {394C1214-0A5A-4600-97C5-296212453092}
	EndGlobalSection
EndGlobal
